
Microsoft Visual Studio Solution File, Format Version 12.00
# Visual Studio 15
Project("{FAE04EC0-301F-11D3-BF4B-00C04F79EFBC}") = "Assembly-CSharp", "Assembly-CSharp.csproj", "{4FB4709E-1E4A-CB36-9ABB-89B9AC26DE88}"
EndProject
Project("{FAE04EC0-301F-11D3-BF4B-00C04F79EFBC}") = "Assembly-CSharp-Editor", "Assembly-CSharp-Editor.csproj", "{DC42B494-E8A2-F700-369C-75D8D8934620}"
EndProject
Global
	GlobalSection(SolutionConfigurationPlatforms) = preSolution
		Debug|Any CPU = Debug|Any CPU
		Release|Any CPU = Release|Any CPU
	EndGlobalSection
	GlobalSection(ProjectConfigurationPlatforms) = postSolution
		{4FB4709E-1E4A-CB36-9ABB-89B9AC26DE88}.Debug|Any CPU.ActiveCfg = Debug|Any CPU
		{4FB4709E-1E4A-CB36-9ABB-89B9AC26DE88}.Debug|Any CPU.Build.0 = Debug|Any CPU
		{4FB4709E-1E4A-CB36-9ABB-89B9AC26DE88}.Release|Any CPU.ActiveCfg = Release|Any CPU
		{4FB4709E-1E4A-CB36-9ABB-89B9AC26DE88}.Release|Any CPU.Build.0 = Release|Any CPU
		{DC42B494-E8A2-F700-369C-75D8D8934620}.Debug|Any CPU.ActiveCfg = Debug|Any CPU
		{DC42B494-E8A2-F700-369C-75D8D8934620}.Debug|Any CPU.Build.0 = Debug|Any CPU
		{DC42B494-E8A2-F700-369C-75D8D8934620}.Release|Any CPU.ActiveCfg = Release|Any CPU
		{DC42B494-E8A2-F700-369C-75D8D8934620}.Release|Any CPU.Build.0 = Release|Any CPU
	EndGlobalSection
	GlobalSection(SolutionProperties) = preSolution
		HideSolutionNode = FALSE
	EndGlobalSection
EndGlobal
